github.com/PaulSonOfLars/gotgbot/v2 v2.0.0-rc.35 h1:THWaG6urv7EnopMeQcIdA5gOuDbtmRWDMpTBUIJRxk0=
github.com/PaulSonOfLars/gotgbot/v2 v2.0.0-rc.35/go.mod h1:yrKnA/812p/Vh84TYQMz36/8SNLF7OOdTmKFr5i7W7g=
github.com/go-telegram-bot-api/telegram-bot-api/v5 v5.5.1 h1:wG8n/XJQ07TmjbITcGiUaOtXxdrINDz1b0J1w0SzqDc=
github.com/go-telegram-bot-api/telegram-bot-api/v5 v5.5.1/go.mod h1:A2S0CWkNylc2phvKXWBBdD3K0iGnDBGbzRpISP2zBl8=
